
Microsoft Visual Studio Solution File, Format Version 12.00
# Visual Studio Version 16
VisualStudioVersion = 16.0.30002.166
MinimumVisualStudioVersion = 10.0.40219.1
Project("{FAE04EC0-301F-11D3-BF4B-00C04F79EFBC}") = "liczby", "liczby\liczby.csproj", "{00B1FB35-8423-4E61-93A7-E77684CD621B}"
EndProject
Global
	GlobalSection(SolutionConfigurationPlatforms) = preSolution
		Debug|Any CPU = Debug|Any CPU
		Release|Any CPU = Release|Any CPU
	EndGlobalSection
	GlobalSection(ProjectConfigurationPlatforms) = postSolution
		{00B1FB35-8423-4E61-93A7-E77684CD621B}.Debug|Any CPU.ActiveCfg = Debug|Any CPU
		{00B1FB35-8423-4E61-93A7-E77684CD621B}.Debug|Any CPU.Build.0 = Debug|Any CPU
		{00B1FB35-8423-4E61-93A7-E77684CD621B}.Release|Any CPU.ActiveCfg = Release|Any CPU
		{00B1FB35-8423-4E61-93A7-E77684CD621B}.Release|Any CPU.Build.0 = Release|Any CPU
	EndGlobalSection
	GlobalSection(SolutionProperties) = preSolution
		HideSolutionNode = FALSE
	EndGlobalSection
	GlobalSection(ExtensibilityGlobals) = postSolution
		SolutionGuid = {2DD1C119-3A65-4D08-B8F4-286B640B6323}
	EndGlobalSection
EndGlobal
