
Microsoft Visual Studio Solution File, Format Version 12.00
# Visual Studio Version 16
VisualStudioVersion = 16.0.29519.87
MinimumVisualStudioVersion = 10.0.40219.1
Project("{FAE04EC0-301F-11D3-BF4B-00C04F79EFBC}") = "pesel", "pesel\pesel.csproj", "{8E0D255B-757A-4308-9E6F-DC28AFC02136}"
EndProject
Global
	GlobalSection(SolutionConfigurationPlatforms) = preSolution
		Debug|Any CPU = Debug|Any CPU
		Release|Any CPU = Release|Any CPU
	EndGlobalSection
	GlobalSection(ProjectConfigurationPlatforms) = postSolution
		{8E0D255B-757A-4308-9E6F-DC28AFC02136}.Debug|Any CPU.ActiveCfg = Debug|Any CPU
		{8E0D255B-757A-4308-9E6F-DC28AFC02136}.Debug|Any CPU.Build.0 = Debug|Any CPU
		{8E0D255B-757A-4308-9E6F-DC28AFC02136}.Release|Any CPU.ActiveCfg = Release|Any CPU
		{8E0D255B-757A-4308-9E6F-DC28AFC02136}.Release|Any CPU.Build.0 = Release|Any CPU
	EndGlobalSection
	GlobalSection(SolutionProperties) = preSolution
		HideSolutionNode = FALSE
	EndGlobalSection
	GlobalSection(ExtensibilityGlobals) = postSolution
		SolutionGuid = {85B2A87C-4C38-490A-9AF9-03E6133D828B}
	EndGlobalSection
EndGlobal
