
Microsoft Visual Studio Solution File, Format Version 12.00
# Visual Studio Version 16
VisualStudioVersion = 16.0.29519.87
MinimumVisualStudioVersion = 10.0.40219.1
Project("{FAE04EC0-301F-11D3-BF4B-00C04F79EFBC}") = "bmr", "bmr\bmr.csproj", "{3E78D3B6-600E-4BA9-884C-301C2804D8E8}"
EndProject
Global
	GlobalSection(SolutionConfigurationPlatforms) = preSolution
		Debug|Any CPU = Debug|Any CPU
		Release|Any CPU = Release|Any CPU
	EndGlobalSection
	GlobalSection(ProjectConfigurationPlatforms) = postSolution
		{3E78D3B6-600E-4BA9-884C-301C2804D8E8}.Debug|Any CPU.ActiveCfg = Debug|Any CPU
		{3E78D3B6-600E-4BA9-884C-301C2804D8E8}.Debug|Any CPU.Build.0 = Debug|Any CPU
		{3E78D3B6-600E-4BA9-884C-301C2804D8E8}.Release|Any CPU.ActiveCfg = Release|Any CPU
		{3E78D3B6-600E-4BA9-884C-301C2804D8E8}.Release|Any CPU.Build.0 = Release|Any CPU
	EndGlobalSection
	GlobalSection(SolutionProperties) = preSolution
		HideSolutionNode = FALSE
	EndGlobalSection
	GlobalSection(ExtensibilityGlobals) = postSolution
		SolutionGuid = {E43D4EEB-6F7A-4B37-AFC8-9DFBB31CDAF5}
	EndGlobalSection
EndGlobal
